
Microsoft Visual Studio Solution File, Format Version 12.00
# Visual Studio Version 17
VisualStudioVersion = 17.5.002.0
MinimumVisualStudioVersion = 10.0.40219.1
Project("{9A19103F-16F7-4668-BE54-9A1E7A4F7556}") = "api", "api\api.csproj", "{BED8240E-A1AD-4D53-B0F7-840FDEF47DA6}"
EndProject
Global
	GlobalSection(SolutionConfigurationPlatforms) = preSolution
		Debug|Any CPU = Debug|Any CPU
		Release|Any CPU = Release|Any CPU
	EndGlobalSection
	GlobalSection(ProjectConfigurationPlatforms) = postSolution
		{BED8240E-A1AD-4D53-B0F7-840FDEF47DA6}.Debug|Any CPU.ActiveCfg = Debug|Any CPU
		{BED8240E-A1AD-4D53-B0F7-840FDEF47DA6}.Debug|Any CPU.Build.0 = Debug|Any CPU
		{BED8240E-A1AD-4D53-B0F7-840FDEF47DA6}.Release|Any CPU.ActiveCfg = Release|Any CPU
		{BED8240E-A1AD-4D53-B0F7-840FDEF47DA6}.Release|Any CPU.Build.0 = Release|Any CPU
	EndGlobalSection
	GlobalSection(SolutionProperties) = preSolution
		HideSolutionNode = FALSE
	EndGlobalSection
	GlobalSection(ExtensibilityGlobals) = postSolution
		SolutionGuid = {ED5E240D-311D-4931-BAE9-24B3DE6EAC79}
	EndGlobalSection
EndGlobal
